{
  "projects": [
    {
      "projectId": "seaQhLVS4bbjiGvJJrRwyL",
      "version": "15.0.3",
      "dependencies": {},
      "lang": "js",
      "fileLocks": [
        {
          "assetId": "seaQhLVS4bbjiGvJJrRwyL",
          "type": "projectCss",
          "checksum": "96d0c5256c70ddefc2366d3580ce9213"
        }
      ],
      "codegenVersion": "0.0.1"
    },
    {
      "projectId": "pHEc37smer1Q6xynjofQze",
      "version": "latest",
      "dependencies": {
        "seaQhLVS4bbjiGvJJrRwyL": "15.0.3"
      },
      "lang": "js",
      "fileLocks": [
        {
          "type": "globalVariant",
          "assetId": "V5fSI0uE2M7ywV",
          "checksum": "9a9acb3c63814e00ba4d13e23f692698"
        },
        {
          "type": "renderModule",
          "assetId": "X8W6uPQ1iv-Hk",
          "checksum": "22537c89c9d17e61a551024a48f646f0"
        },
        {
          "type": "cssRules",
          "assetId": "X8W6uPQ1iv-Hk",
          "checksum": "22537c89c9d17e61a551024a48f646f0"
        },
        {
          "type": "renderModule",
          "assetId": "Tv1TEamQVURUK",
          "checksum": "44ed9e0b3df8fd573985d336e2dba1d3"
        },
        {
          "type": "cssRules",
          "assetId": "Tv1TEamQVURUK",
          "checksum": "44ed9e0b3df8fd573985d336e2dba1d3"
        },
        {
          "type": "renderModule",
          "assetId": "B_rjbW1b21_BN",
          "checksum": "b90d91fe236aaa105a0617828804f2a2"
        },
        {
          "type": "cssRules",
          "assetId": "B_rjbW1b21_BN",
          "checksum": "b90d91fe236aaa105a0617828804f2a2"
        },
        {
          "type": "renderModule",
          "assetId": "zao5vJN0LZKBgA",
          "checksum": "56ecc800430e23ce9c1b1403f79068fa"
        },
        {
          "type": "cssRules",
          "assetId": "zao5vJN0LZKBgA",
          "checksum": "56ecc800430e23ce9c1b1403f79068fa"
        },
        {
          "type": "renderModule",
          "assetId": "-LfFeyZiOYdDxo",
          "checksum": "aa428104de064d6a572d6aa69ca180d2"
        },
        {
          "type": "cssRules",
          "assetId": "-LfFeyZiOYdDxo",
          "checksum": "aa428104de064d6a572d6aa69ca180d2"
        },
        {
          "type": "renderModule",
          "assetId": "qQDmv-FaPz2qGj",
          "checksum": "f130d5eabe32d42dae69b4aa7d99afc8"
        },
        {
          "type": "cssRules",
          "assetId": "qQDmv-FaPz2qGj",
          "checksum": "f130d5eabe32d42dae69b4aa7d99afc8"
        },
        {
          "type": "renderModule",
          "assetId": "_hIENuO1SpcnPD",
          "checksum": "fd5213698e8982d607d59c72ae7f0921"
        },
        {
          "type": "cssRules",
          "assetId": "_hIENuO1SpcnPD",
          "checksum": "fd5213698e8982d607d59c72ae7f0921"
        },
        {
          "type": "renderModule",
          "assetId": "CtOGPAYYB9Obua",
          "checksum": "40cbcb0984faa85ca9d39ca94f92a539"
        },
        {
          "type": "cssRules",
          "assetId": "CtOGPAYYB9Obua",
          "checksum": "40cbcb0984faa85ca9d39ca94f92a539"
        },
        {
          "type": "renderModule",
          "assetId": "jeBG2EE2oYolA-",
          "checksum": "67bacb6f6d8c7d17b27a200f410ec4b2"
        },
        {
          "type": "cssRules",
          "assetId": "jeBG2EE2oYolA-",
          "checksum": "67bacb6f6d8c7d17b27a200f410ec4b2"
        },
        {
          "type": "renderModule",
          "assetId": "IuSNyP1i29NJld",
          "checksum": "ca6bb1f40cc4f0e4bce01c123a420c43"
        },
        {
          "type": "cssRules",
          "assetId": "IuSNyP1i29NJld",
          "checksum": "ca6bb1f40cc4f0e4bce01c123a420c43"
        },
        {
          "type": "renderModule",
          "assetId": "bVIrQ4C7JlviHl",
          "checksum": "bcb0960dc4b8708fa19ffe1c58852319"
        },
        {
          "type": "cssRules",
          "assetId": "bVIrQ4C7JlviHl",
          "checksum": "bcb0960dc4b8708fa19ffe1c58852319"
        },
        {
          "type": "renderModule",
          "assetId": "oB--Goin9nXSTb",
          "checksum": "ccb77ce06470bb1610bda2b22b0565a4"
        },
        {
          "type": "cssRules",
          "assetId": "oB--Goin9nXSTb",
          "checksum": "ccb77ce06470bb1610bda2b22b0565a4"
        },
        {
          "type": "renderModule",
          "assetId": "bLfbJFXqGo9g4o",
          "checksum": "681321e5bf8edcc156efd9ced348cea1"
        },
        {
          "type": "cssRules",
          "assetId": "bLfbJFXqGo9g4o",
          "checksum": "681321e5bf8edcc156efd9ced348cea1"
        },
        {
          "type": "renderModule",
          "assetId": "h2tBbE3wAEkAjz",
          "checksum": "f20a99b7a9075879dd7dc533e1f06284"
        },
        {
          "type": "cssRules",
          "assetId": "h2tBbE3wAEkAjz",
          "checksum": "f20a99b7a9075879dd7dc533e1f06284"
        },
        {
          "type": "renderModule",
          "assetId": "0f6fZeRfKp3EOx",
          "checksum": "0e8ce0c3a35b0ee378c46ba9893281ce"
        },
        {
          "type": "cssRules",
          "assetId": "0f6fZeRfKp3EOx",
          "checksum": "0e8ce0c3a35b0ee378c46ba9893281ce"
        },
        {
          "type": "renderModule",
          "assetId": "7JvnWRKffJAgeh",
          "checksum": "3cb11c1e54376f2a9245ae9b0104f8db"
        },
        {
          "type": "cssRules",
          "assetId": "7JvnWRKffJAgeh",
          "checksum": "3cb11c1e54376f2a9245ae9b0104f8db"
        },
        {
          "type": "renderModule",
          "assetId": "StRINAEqHuRqf8",
          "checksum": "b273853b5690f577f1379c0a26d98fad"
        },
        {
          "type": "cssRules",
          "assetId": "StRINAEqHuRqf8",
          "checksum": "b273853b5690f577f1379c0a26d98fad"
        },
        {
          "type": "renderModule",
          "assetId": "oc-76JfDzK2P8W",
          "checksum": "22e8701c9b14cd13b3d4ab7ff5d2cbd5"
        },
        {
          "type": "cssRules",
          "assetId": "oc-76JfDzK2P8W",
          "checksum": "22e8701c9b14cd13b3d4ab7ff5d2cbd5"
        },
        {
          "type": "renderModule",
          "assetId": "Wl9mo-hDwAqvqr",
          "checksum": "6f5b905d80c46c99d2683477ba47697c"
        },
        {
          "type": "cssRules",
          "assetId": "Wl9mo-hDwAqvqr",
          "checksum": "6f5b905d80c46c99d2683477ba47697c"
        },
        {
          "type": "renderModule",
          "assetId": "H-iy64raaXQNqw",
          "checksum": "7e87a7c205c58618154d8af64b7a5aba"
        },
        {
          "type": "cssRules",
          "assetId": "H-iy64raaXQNqw",
          "checksum": "7e87a7c205c58618154d8af64b7a5aba"
        },
        {
          "type": "icon",
          "assetId": "_X-qItF7QjdCJ0",
          "checksum": "35e02e1612af2fcdd45f647860cec4ed"
        },
        {
          "type": "icon",
          "assetId": "kJjHRy9NsTytsy",
          "checksum": "e442a6feb5184adee0d5030951ce341a"
        },
        {
          "type": "icon",
          "assetId": "UWhSYYztOkDy7N",
          "checksum": "d90e27ed47cfdec1b642592d4588bdae"
        },
        {
          "type": "icon",
          "assetId": "xeZvLonSNDSbcx",
          "checksum": "6b27647d03d0d9fc8f582d6264fe903b"
        },
        {
          "type": "icon",
          "assetId": "Zcdoo9TY0-n4Ht",
          "checksum": "4c864f7cbf77e4ba32efc629d43882c4"
        },
        {
          "type": "icon",
          "assetId": "qwqOoh7XcrvVdU",
          "checksum": "6c3fcf056ef8e627acc0b0b743e4edb1"
        },
        {
          "type": "icon",
          "assetId": "Eh1jj2IvDtqtok",
          "checksum": "f1a7cf46c27e1a1b518cf09984b5549e"
        },
        {
          "type": "icon",
          "assetId": "MhVyx0azju08dY",
          "checksum": "29f634f952d0278e65298618868341d5"
        },
        {
          "type": "icon",
          "assetId": "TH2oGkGKczXIfz",
          "checksum": "4a921ea0ef54a91ee3b568cdd3a71067"
        },
        {
          "type": "icon",
          "assetId": "O73mmhvEtcNIJF",
          "checksum": "b5069fd72d21b49425b2e7f39eea9d94"
        },
        {
          "type": "icon",
          "assetId": "gHMLqtgMZfRn80",
          "checksum": "c92ab8c2c154e0033272d7e34c2e865f"
        },
        {
          "type": "icon",
          "assetId": "RU3dVBN1h-q7cR",
          "checksum": "602dd39f56aa863a15033dd7182e65c5"
        },
        {
          "type": "icon",
          "assetId": "co9ngxYOO7yRqU",
          "checksum": "ed1056738d8d73330c616e6bcb8be9f9"
        },
        {
          "type": "icon",
          "assetId": "sLVVOtsbl9VplS",
          "checksum": "56ac9f0af115c639910e7e6ba235aa45"
        },
        {
          "type": "icon",
          "assetId": "XhRHidV_BTI4vc",
          "checksum": "b564cc92d8513cf53d350ac8422b19c6"
        },
        {
          "type": "icon",
          "assetId": "eGzmbvdkYZuC-8",
          "checksum": "6bce9328dc1d556cc26760a824716e93"
        },
        {
          "type": "icon",
          "assetId": "gC5mqoUi-Pxo8G",
          "checksum": "e944865c84f9e0c2a672973549b041bb"
        },
        {
          "type": "icon",
          "assetId": "JAjVX9mjCCk2AW",
          "checksum": "0b3d88ed925b1ea712d900fd3c25bd09"
        },
        {
          "type": "icon",
          "assetId": "PUJ-tMkxMFdh63",
          "checksum": "449369520f5f28ad275104a3c3b522e8"
        },
        {
          "type": "icon",
          "assetId": "jlA16urbNwYxya",
          "checksum": "d36be52378d386b433131b9a51ecad93"
        },
        {
          "type": "icon",
          "assetId": "IIn6MGA5PzbO9M",
          "checksum": "c477cec77f530336992f1aa169a59306"
        },
        {
          "type": "icon",
          "assetId": "zEbPE1di54zoFB",
          "checksum": "0745e2aa4464bdbbbb51a1e6ff48478a"
        },
        {
          "type": "icon",
          "assetId": "akpqReMOnsG-aF",
          "checksum": "b0bf69bea151b8279bcf13a0929af9e2"
        },
        {
          "type": "icon",
          "assetId": "UCjD1tfFI5j0sC",
          "checksum": "0e56d179db263a34b97001b2dff21779"
        },
        {
          "type": "icon",
          "assetId": "oJyMpfHts7QmXa",
          "checksum": "315586b11d24c7a2913a8de677f1c410"
        },
        {
          "type": "icon",
          "assetId": "g39cXLHAaHHlSX",
          "checksum": "0612f7ace844c93777fc291787e47bc0"
        },
        {
          "type": "icon",
          "assetId": "TVizfrOWGgjft8",
          "checksum": "a6096cf0aaf2c11b8ce443ea51fc5371"
        },
        {
          "type": "icon",
          "assetId": "bsHE52HUidiR21",
          "checksum": "738b9f627c81513e7f9be5e77aec71c6"
        },
        {
          "type": "icon",
          "assetId": "58DHzo1XNnYMUz",
          "checksum": "7c755511194e9459f8120ed85f8d4963"
        },
        {
          "type": "icon",
          "assetId": "sXOk1_qfYvKUXe",
          "checksum": "8477f1b2936afbf0895428921ea8d2b3"
        },
        {
          "type": "icon",
          "assetId": "6Pq1zvrfGo7mDU",
          "checksum": "9ad12462873324afe2a317120a9ff93a"
        },
        {
          "type": "image",
          "assetId": "TdfmxKCAXsS0xO",
          "checksum": "4293d16f7a27af3711c7de35a334c961"
        },
        {
          "type": "image",
          "assetId": "T_QCCvxgr6rVGS",
          "checksum": "7284ffd9903f26dddd6396d4a2549ff8"
        },
        {
          "type": "image",
          "assetId": "KqDOOsth7eYHCY",
          "checksum": "8a5ca4d6a3aba1cc006f50f47fe9e8d7"
        },
        {
          "type": "image",
          "assetId": "6AGfRwpRKH8HJe",
          "checksum": "c57da18e9f12d1a2c2fc9d955daf65fc"
        },
        {
          "type": "image",
          "assetId": "xHlnPOYWvyZVZE",
          "checksum": "2813e87f4076257f67e3f97b8326dcad"
        },
        {
          "type": "image",
          "assetId": "H8Z_2VWAHiwOvg",
          "checksum": "c581bad29560226d353798a8aae06b2d"
        },
        {
          "type": "image",
          "assetId": "uWQqDK2ZS8Pjjj",
          "checksum": "9ea95e63fc39c504ebb6afa83109e4e0"
        },
        {
          "type": "image",
          "assetId": "FBb8TbUpMzSMAW",
          "checksum": "998e4a4a9bd991923922df28a09994a2"
        },
        {
          "type": "image",
          "assetId": "XrHRUECgJ26FoJ",
          "checksum": "8fc02987cfba2c4f4c1760f7990bac2f"
        },
        {
          "type": "image",
          "assetId": "Os3dNipdgHLnUA",
          "checksum": "a526b854d6386edb8376af5412e5636f"
        },
        {
          "type": "image",
          "assetId": "gWFtYcSwBKrl9A",
          "checksum": "0ca6dc4b050fecfa2e36b074d41de8b6"
        },
        {
          "type": "image",
          "assetId": "Jag-2Yv9fqfwYh",
          "checksum": "0df19e491788dc598853cc2efcbe5541"
        },
        {
          "type": "image",
          "assetId": "1Tnt9R639viUNy",
          "checksum": "78f16b5b2d3f4688a2f1d791e6bb6a1a"
        },
        {
          "type": "image",
          "assetId": "YSgmJggJRrihIB",
          "checksum": "f337382cc68e7cac975cdc34d28fee08"
        },
        {
          "type": "image",
          "assetId": "CiHqz-93JBA53B",
          "checksum": "6a9bf13474eeb710840313e6b9766632"
        },
        {
          "type": "image",
          "assetId": "jZsZftkjtDL1RT",
          "checksum": "bd2722c12b40a9e75446199a99ffabf1"
        },
        {
          "type": "image",
          "assetId": "gcXIde0enppI4r",
          "checksum": "8813083f69cabcea240413a638a442a5"
        },
        {
          "type": "image",
          "assetId": "iOrJJFfKg8Sv_l",
          "checksum": "f3ccf12c6b38b93a0e247bbab93185d0"
        },
        {
          "type": "image",
          "assetId": "vwIt74d9pkeD9r",
          "checksum": "4057be76d85d25ba000767f5ca263d58"
        },
        {
          "type": "image",
          "assetId": "YTe5-E1JN7dpTx",
          "checksum": "65af1735b75929632683c79d926c0a59"
        },
        {
          "type": "image",
          "assetId": "RReWBOFLkneZP5",
          "checksum": "cbf17fa700a3fc339f38bb7f1281bc4c"
        },
        {
          "type": "image",
          "assetId": "vDotJGHhtKoJ-a",
          "checksum": "753992635cdb5da2ee2bbadad608d82f"
        },
        {
          "type": "image",
          "assetId": "alBec9wJLV-go2",
          "checksum": "d51fd99b125c32e7ed8640e02ad1ca15"
        },
        {
          "type": "image",
          "assetId": "UXEbcuoIKaz1hI",
          "checksum": "64f83eb272275b95b4b17a50ca62069e"
        },
        {
          "type": "image",
          "assetId": "ZNYYMfVRdxw_wu",
          "checksum": "6525223521dfb09f73f447253740aa6c"
        },
        {
          "type": "image",
          "assetId": "Z1hTY4vRMkG8TE",
          "checksum": "e88a5b845eb55e658e6e3b0e61ac955b"
        },
        {
          "type": "image",
          "assetId": "9HegYPC-EyawJm",
          "checksum": "41f6765f847a411ab15dbdcb11064158"
        },
        {
          "type": "image",
          "assetId": "qj4D-mhTDoOxj7",
          "checksum": "0feb3ba624aa8085fd795ece254d8426"
        },
        {
          "type": "image",
          "assetId": "6KsIRZxbLaoobA",
          "checksum": "43ec046d0a58c7e707cca4312b3058bd"
        },
        {
          "type": "image",
          "assetId": "LnD-8IHRuaTH6X",
          "checksum": "43a7fb24753a5c5fd971f508bb1bdaac"
        },
        {
          "type": "image",
          "assetId": "r9mL53AFn6Ud-Y",
          "checksum": "e0eb0ca8b92c1a406872a0fa20a1c587"
        },
        {
          "type": "image",
          "assetId": "xCkKKzEoW4Olc-",
          "checksum": "0069ce7025ec8078717fafd44872fd75"
        },
        {
          "type": "image",
          "assetId": "X-r-JPzS__-Q8v",
          "checksum": "1751dcac6626aa7b9675977af62c57a5"
        },
        {
          "type": "image",
          "assetId": "SVka5EtsPEVmZS",
          "checksum": "27eb34506d1ef17132e6ce605da52a86"
        },
        {
          "type": "image",
          "assetId": "0Fpk3bWU6MhZ4u",
          "checksum": "081163c762c192893985365d3b264127"
        },
        {
          "type": "image",
          "assetId": "1aiT3tj0o65_tZ",
          "checksum": "912b783c91242199c046fe15894e05b6"
        },
        {
          "type": "image",
          "assetId": "uZNnc3Csg5aVko",
          "checksum": "a7f8f3bb8b5270d0bb8e796159efe2b3"
        },
        {
          "type": "image",
          "assetId": "ZSHgaDMsdDN0BE",
          "checksum": "0e44c5aee11ccf8dfaec55bc9a97d9ed"
        },
        {
          "type": "image",
          "assetId": "G9ibG1YWd6oRqo",
          "checksum": "058c074e5d2b265f8b43cd20d17cdc90"
        },
        {
          "type": "image",
          "assetId": "w7AHwx0aB-9Gwb",
          "checksum": "b03ba360584df899a766e768906674a7"
        },
        {
          "type": "image",
          "assetId": "LhMAgIS8LA9uyg",
          "checksum": "70827815a041ac9445d9c81467243983"
        },
        {
          "type": "image",
          "assetId": "YAPqXoSfl3dE8q",
          "checksum": "9e9cac781613a11f141858bcf62d5f25"
        },
        {
          "type": "image",
          "assetId": "9Hlj162fAS7XVq",
          "checksum": "8f07858c504b375ac1204e9de2481069"
        },
        {
          "type": "image",
          "assetId": "Q0kK5bRebM2rMD",
          "checksum": "bc183a4169d9e9a3163d952f4ce58db7"
        },
        {
          "type": "image",
          "assetId": "J8v7pOWeBml1_Q",
          "checksum": "e58a3cc6444968e671f5b9c7f6facce4"
        },
        {
          "type": "image",
          "assetId": "5qlJEqbN-3sAFO",
          "checksum": "0c9fc3b6530b6f3625ae6306c9ad033c"
        },
        {
          "type": "image",
          "assetId": "Rl41ySEuDBHXFd",
          "checksum": "ddced5b2d1a305e08026932db64caa50"
        },
        {
          "type": "image",
          "assetId": "E7bRq0LVN_ilOh",
          "checksum": "6f8e07e9df9807b7c634cc8156e024c6"
        },
        {
          "type": "image",
          "assetId": "zmwpchlNFIAcwC",
          "checksum": "6740aa4e978856cf84381de440d5cccc"
        },
        {
          "type": "image",
          "assetId": "mV_C6gzU1Nz1XQ",
          "checksum": "26486213729819d6564969ad34d72a89"
        },
        {
          "type": "image",
          "assetId": "JWgZwLPrZ4y4SW",
          "checksum": "12aedf61df33b75faf227a84a9aeb81e"
        },
        {
          "type": "image",
          "assetId": "3QZaxwZDLuoaeZ",
          "checksum": "b0547a5e06b89c7c276db54c8a4747ca"
        },
        {
          "type": "image",
          "assetId": "9y5zmpXYjPyW0P",
          "checksum": "a89403ec60e379c6d12c96514698f936"
        },
        {
          "type": "image",
          "assetId": "HKrWgj5OG9qpYq",
          "checksum": "ff824c5f57aab782b3a1f89b4d6700eb"
        },
        {
          "type": "image",
          "assetId": "frm8ph62ttxNss",
          "checksum": "957a5e3bbf30edfd98a0505535976b89"
        },
        {
          "type": "image",
          "assetId": "ov-kXbw_8El6Gf",
          "checksum": "d79990a78883f95947c0eef876d5a960"
        },
        {
          "assetId": "pHEc37smer1Q6xynjofQze",
          "type": "projectCss",
          "checksum": "27821430abfeb2e257c0aa731f147466"
        }
      ],
      "codegenVersion": "0.0.1"
    }
  ],
  "cliVersion": "0.1.178"
}
